// !$*UTF8*$!
{
	archiveVersion = 1;
	classes = {
	};
	objectVersion = 77;
	objects = {

/* Begin PBXBuildFile section */
		D78D12683066A91F00E9735B /* Cloudinary in Frameworks */ = {isa = PBXBuildFile; productRef = D78D12673066A91F00E9735B /* Cloudinary */; };
		D78D12713066C34A00E9735B /* Kingfisher in Frameworks */ = {isa = PBXBuildFile; productRef = D78D12703066C34A00E9735B /* Kingfisher */; };
		D7A85B283062EB8D00BB691F /* FirebaseAuth in Frameworks */ = {isa = PBXBuildFile; productRef = D7A85B273062EB8D00BB691F /* FirebaseAuth */; };
		D7A85B2A3062EB8D00BB691F /* FirebaseFirestore in Frameworks */ = {isa = PBXBuildFile; productRef = D7A85B293062EB8D00BB691F /* FirebaseFirestore */; };
		D7A85B2C3062EB8D00BB691F /* FirebaseStorage in Frameworks */ = {isa = PBXBuildFile; productRef = D7A85B2B3062EB8D00BB691F /* FirebaseStorage */; };
/* End PBXBuildFile section */

/* Begin PBXContainerItemProxy section */
		D7B010C43073E90E003FE471 /* PBXContainerItemProxy */ = {
			isa = PBXContainerItemProxy;
			containerPortal = D7B55BDB3051760C00C286BB /* Project object */;
			proxyType = 1;
			remoteGlobalIDString = D7B55BE23051760C00C286BB;
			remoteInfo = InstagramPlus;
		};
/* End PBXContainerItemProxy section */

/* Begin PBXFileReference section */
		D7B010C03073E90E003FE471 /* InstagramPlusTests.xctest */ = {isa = PBXFileReference; explicitFileType = wrapper.cfbundle; includeInIndex = 0; path = InstagramPlusTests.xctest; sourceTree = BUILT_PRODUCTS_DIR; };
		D7B55BE33051760C00C286BB /* InstagramPlus.app */ = {isa = PBXFileReference; explicitFileType = wrapper.application; includeInIndex = 0; path = InstagramPlus.app; sourceTree = BUILT_PRODUCTS_DIR; };
/* End PBXFileReference section */

/* Begin PBXFileSystemSynchronizedBuildFileExceptionSet section */
		D7B010CD3073E99E003FE471 /* Exceptions for "InstagramPlus" folder in "InstagramPlusTests" target */ = {
			isa = PBXFileSystemSynchronizedBuildFileExceptionSet;
			membershipExceptions = (
				Core/Authentication/Tests/AuthenticationRouterTests.swift,
				Core/Authentication/Tests/AuthManagerTests.swift,
				Core/Authentication/Tests/LoginViewModelTests.swift,
			);
			target = D7B010BF3073E90E003FE471 /* InstagramPlusTests */;
		};
		D7B010CE3073E9FC003FE471 /* Exceptions for "InstagramPlus" folder in "InstagramPlus" target */ = {
			isa = PBXFileSystemSynchronizedBuildFileExceptionSet;
			membershipExceptions = (
				Core/Authentication/Tests/AuthenticationRouterTests.swift,
				Core/Authentication/Tests/AuthManagerTests.swift,
				Core/Authentication/Tests/LoginViewModelTests.swift,
			);
			target = D7B55BE23051760C00C286BB /* InstagramPlus */;
		};
/* End PBXFileSystemSynchronizedBuildFileExceptionSet section */

/* Begin PBXFileSystemSynchronizedRootGroup section */
		D7B55BE53051760C00C286BB /* InstagramPlus */ = {
			isa = PBXFileSystemSynchronizedRootGroup;
			exceptions = (
				D7B010CE3073E9FC003FE471 /* Exceptions for "InstagramPlus" folder in "InstagramPlus" target */,
				D7B010CD3073E99E003FE471 /* Exceptions for "InstagramPlus" folder in "InstagramPlusTests" target */,
			);
			path = InstagramPlus;
			sourceTree = "<group>";
		};
/* End PBXFileSystemSynchronizedRootGroup section */

/* Begin PBXFrameworksBuildPhase section */
		D7B010BD3073E90E003FE471 /* Frameworks */ = {
			isa = PBXFrameworksBuildPhase;
			buildActionMask = 2147483647;
			files = (
			);
			runOnlyForDeploymentPostprocessing = 0;
		};
		D7B55BE03051760C00C286BB /* Frameworks */ = {
			isa = PBXFrameworksBuildPhase;
			buildActionMask = 2147483647;
			files = (
				D78D12683066A91F00E9735B /* Cloudinary in Frameworks */,
				D7A85B283062EB8D00BB691F /* FirebaseAuth in Frameworks */,
				D7A85B2A3062EB8D00BB691F /* FirebaseFirestore in Frameworks */,
				D7A85B2C3062EB8D00BB691F /* FirebaseStorage in Frameworks */,
				D78D12713066C34A00E9735B /* Kingfisher in Frameworks */,
			);
			runOnlyForDeploymentPostprocessing = 0;
		};
/* End PBXFrameworksBuildPhase section */

/* Begin PBXGroup section */
		D7B55BDA3051760C00C286BB = {
			isa = PBXGroup;
			children = (
				D7B55BE53051760C00C286BB /* InstagramPlus */,
				D7B55BE43051760C00C286BB /* Products */,
			);
			sourceTree = "<group>";
		};
		D7B55BE43051760C00C286BB /* Products */ = {
			isa = PBXGroup;
			children = (
				D7B55BE33051760C00C286BB /* InstagramPlus.app */,
				D7B010C03073E90E003FE471 /* InstagramPlusTests.xctest */,
			);
			name = Products;
			sourceTree = "<group>";
		};
/* End PBXGroup section */

/* Begin PBXNativeTarget section */
		D7B010BF3073E90E003FE471 /* InstagramPlusTests */ = {
			isa = PBXNativeTarget;
			buildConfigurationList = D7B010C63073E90E003FE471 /* Build configuration list for PBXNativeTarget "InstagramPlusTests" */;
			buildPhases = (
				D7B010BC3073E90E003FE471 /* Sources */,
				D7B010BD3073E90E003FE471 /* Frameworks */,
				D7B010BE3073E90E003FE471 /* Resources */,
			);
			buildRules = (
			);
			dependencies = (
				D7B010C53073E90E003FE471 /* PBXTargetDependency */,
			);
			name = InstagramPlusTests;
			packageProductDependencies = (
			);
			productName = InstagramPlusTests;
			productReference = D7B010C03073E90E003FE471 /* InstagramPlusTests.xctest */;
			productType = "com.apple.product-type.bundle.unit-test";
		};
		D7B55BE23051760C00C286BB /* InstagramPlus */ = {
			isa = PBXNativeTarget;
			buildConfigurationList = D7B55BEE3051760D00C286BB /* Build configuration list for PBXNativeTarget "InstagramPlus" */;
			buildPhases = (
				D7B55BDF3051760C00C286BB /* Sources */,
				D7B55BE03051760C00C286BB /* Frameworks */,
				D7B55BE13051760C00C286BB /* Resources */,
			);
			buildRules = (
			);
			dependencies = (
			);
			fileSystemSynchronizedGroups = (
				D7B55BE53051760C00C286BB /* InstagramPlus */,
			);
			name = InstagramPlus;
			packageProductDependencies = (
				D7A85B273062EB8D00BB691F /* FirebaseAuth */,
				D7A85B293062EB8D00BB691F /* FirebaseFirestore */,
				D7A85B2B3062EB8D00BB691F /* FirebaseStorage */,
				D78D12673066A91F00E9735B /* Cloudinary */,
				D78D12703066C34A00E9735B /* Kingfisher */,
			);
			productName = InstagramPlus;
			productReference = D7B55BE33051760C00C286BB /* InstagramPlus.app */;
			productType = "com.apple.product-type.application";
		};
/* End PBXNativeTarget section */

/* Begin PBXProject section */
		D7B55BDB3051760C00C286BB /* Project object */ = {
			isa = PBXProject;
			attributes = {
				BuildIndependentTargetsInParallel = 1;
				LastSwiftUpdateCheck = 2660;
				LastUpgradeCheck = 2660;
				TargetAttributes = {
					D7B010BF3073E90E003FE471 = {
						CreatedOnToolsVersion = 26.6;
						LastSwiftMigration = 2660;
						TestTargetID = D7B55BE23051760C00C286BB;
					};
					D7B55BE23051760C00C286BB = {
						CreatedOnToolsVersion = 26.6;
					};
				};
			};
			buildConfigurationList = D7B55BDE3051760C00C286BB /* Build configuration list for PBXProject "InstagramPlus" */;
			developmentRegion = en;
			hasScannedForEncodings = 0;
			knownRegions = (
				en,
				Base,
			);
			mainGroup = D7B55BDA3051760C00C286BB;
			minimizedProjectReferenceProxies = 1;
			packageReferences = (
				D7A85B263062EB8D00BB691F /* XCRemoteSwiftPackageReference "firebase-ios-sdk" */,
				D78D12663066A91F00E9735B /* XCRemoteSwiftPackageReference "cloudinary_ios" */,
				D78D126F3066C34A00E9735B /* XCRemoteSwiftPackageReference "Kingfisher" */,
			);
			preferredProjectObjectVersion = 77;
			productRefGroup = D7B55BE43051760C00C286BB /* Products */;
			projectDirPath = "";
			projectRoot = "";
			targets = (
				D7B55BE23051760C00C286BB /* InstagramPlus */,
				D7B010BF3073E90E003FE471 /* InstagramPlusTests */,
			);
		};
/* End PBXProject section */

/* Begin PBXResourcesBuildPhase section */
		D7B010BE3073E90E003FE471 /* Resources */ = {
			isa = PBXResourcesBuildPhase;
			buildActionMask = 2147483647;
			files = (
			);
			runOnlyForDeploymentPostprocessing = 0;
		};
		D7B55BE13051760C00C286BB /* Resources */ = {
			isa = PBXResourcesBuildPhase;
			buildActionMask = 2147483647;
			files = (
			);
			runOnlyForDeploymentPostprocessing = 0;
		};
/* End PBXResourcesBuildPhase section */

/* Begin PBXSourcesBuildPhase section */
		D7B010BC3073E90E003FE471 /* Sources */ = {
			isa = PBXSourcesBuildPhase;
			buildActionMask = 2147483647;
			files = (
			);
			runOnlyForDeploymentPostprocessing = 0;
		};
		D7B55BDF3051760C00C286BB /* Sources */ = {
			isa = PBXSourcesBuildPhase;
			buildActionMask = 2147483647;
			files = (
			);
			runOnlyForDeploymentPostprocessing = 0;
		};
/* End PBXSourcesBuildPhase section */

/* Begin PBXTargetDependency section */
		D7B010C53073E90E003FE471 /* PBXTargetDependency */ = {
			isa = PBXTargetDependency;
			target = D7B55BE23051760C00C286BB /* InstagramPlus */;
			targetProxy = D7B010C43073E90E003FE471 /* PBXContainerItemProxy */;
		};
/* End PBXTargetDependency section */

/* Begin XCBuildConfiguration section */
		D7B010C73073E90E003FE471 /* Debug */ = {
			isa = XCBuildConfiguration;
			buildSettings = {
				BUNDLE_LOADER = "$(TEST_HOST)";
				CLANG_ENABLE_MODULES = YES;
				CODE_SIGN_STYLE = Automatic;
				CURRENT_PROJECT_VERSION = 1;
				DEVELOPMENT_TEAM = UGX74299AN;
				GENERATE_INFOPLIST_FILE = YES;
				MARKETING_VERSION = 1.0;
				PRODUCT_BUNDLE_IDENTIFIER = com.ZsoltGabor.InstagramPlusTests;
				PRODUCT_NAME = "$(TARGET_NAME)";
				STRING_CATALOG_GENERATE_SYMBOLS = NO;
				SWIFT_APPROACHABLE_CONCURRENCY = YES;
				SWIFT_EMIT_LOC_STRINGS = NO;
				SWIFT_OPTIMIZATION_LEVEL = "-Onone";
				SWIFT_UPCOMING_FEATURE_MEMBER_IMPORT_VISIBILITY = YES;
				SWIFT_VERSION = 5.0;
				TARGETED_DEVICE_FAMILY = "1,2";
				TEST_HOST = "$(BUILT_PRODUCTS_DIR)/InstagramPlus.app/$(BUNDLE_EXECUTABLE_FOLDER_PATH)/InstagramPlus";
			};
			name = Debug;
		};
		D7B010C83073E90E003FE471 /* Release */ = {
			isa = XCBuildConfiguration;
			buildSettings = {
				BUNDLE_LOADER = "$(TEST_HOST)";
				CLANG_ENABLE_MODULES = YES;
				CODE_SIGN_STYLE = Automatic;
				CURRENT_PROJECT_VERSION = 1;
				DEVELOPMENT_TEAM = UGX74299AN;
				GENERATE_INFOPLIST_FILE = YES;
				MARKETING_VERSION = 1.0;
				PRODUCT_BUNDLE_IDENTIFIER = com.ZsoltGabor.InstagramPlusTests;
				PRODUCT_NAME = "$(TARGET_NAME)";
				STRING_CATALOG_GENERATE_SYMBOLS = NO;
				SWIFT_APPROACHABLE_CONCURRENCY = YES;
				SWIFT_EMIT_LOC_STRINGS = NO;
				SWIFT_UPCOMING_FEATURE_MEMBER_IMPORT_VISIBILITY = YES;
				SWIFT_VERSION = 5.0;
				TARGETED_DEVICE_FAMILY = "1,2";
				TEST_HOST = "$(BUILT_PRODUCTS_DIR)/InstagramPlus.app/$(BUNDLE_EXECUTABLE_FOLDER_PATH)/InstagramPlus";
			};
			name = Release;
		};
		D7B55BEC3051760D00C286BB /* Debug */ = {
			isa = XCBuildConfiguration;
			buildSettings = {
				ALWAYS_SEARCH_USER_PATHS = NO;
				ASSETCATALOG_COMPILER_GENERATE_SWIFT_ASSET_SYMBOL_EXTENSIONS = YES;
				CLANG_ANALYZER_NONNULL = YES;
				CLANG_ANALYZER_NUMBER_OBJECT_CONVERSION = YES_AGGRESSIVE;
				CLANG_CXX_LANGUAGE_STANDARD = "gnu++20";
				CLANG_ENABLE_MODULES = YES;
				CLANG_ENABLE_OBJC_ARC = YES;
				CLANG_ENABLE_OBJC_WEAK = YES;
				CLANG_WARN_BLOCK_CAPTURE_AUTORELEASING = YES;
				CLANG_WARN_BOOL_CONVERSION = YES;
				CLANG_WARN_COMMA = YES;
				CLANG_WARN_CONSTANT_CONVERSION = YES;
				CLANG_WARN_DEPRECATED_OBJC_IMPLEMENTATIONS = YES;
				CLANG_WARN_DIRECT_OBJC_ISA_USAGE = YES_ERROR;
				CLANG_WARN_DOCUMENTATION_COMMENTS = YES;
				CLANG_WARN_EMPTY_BODY = YES;
				CLANG_WARN_ENUM_CONVERSION = YES;
				CLANG_WARN_INFINITE_RECURSION = YES;
				CLANG_WARN_INT_CONVERSION = YES;
				CLANG_WARN_NON_LITERAL_NULL_CONVERSION = YES;
				CLANG_WARN_OBJC_IMPLICIT_RETAIN_SELF = YES;
				CLANG_WARN_OBJC_LITERAL_CONVERSION = YES;
				CLANG_WARN_OBJC_ROOT_CLASS = YES_ERROR;
				CLANG_WARN_QUOTED_INCLUDE_IN_FRAMEWORK_HEADER = YES;
				CLANG_WARN_RANGE_LOOP_ANALYSIS = YES;
				CLANG_WARN_STRICT_PROTOTYPES = YES;
				CLANG_WARN_SUSPICIOUS_MOVE = YES;
				CLANG_WARN_UNGUARDED_AVAILABILITY = YES_AGGRESSIVE;
				CLANG_WARN_UNREACHABLE_CODE = YES;
				CLANG_WARN__DUPLICATE_METHOD_MATCH = YES;
				COPY_PHASE_STRIP = NO;
				DEBUG_INFORMATION_FORMAT = dwarf;
				DEVELOPMENT_TEAM = UGX74299AN;
				ENABLE_STRICT_OBJC_MSGSEND = YES;
				ENABLE_TESTABILITY = YES;
				ENABLE_USER_SCRIPT_SANDBOXING = YES;
				GCC_C_LANGUAGE_STANDARD = gnu17;
				GCC_DYNAMIC_NO_PIC = NO;
				GCC_NO_COMMON_BLOCKS = YES;
				GCC_OPTIMIZATION_LEVEL = 0;
				GCC_PREPROCESSOR_DEFINITIONS = (
					"DEBUG=1",
					"$(inherited)",
				);
				GCC_WARN_64_TO_32_BIT_CONVERSION = YES;
				GCC_WARN_ABOUT_RETURN_TYPE = YES_ERROR;
				GCC_WARN_UNDECLARED_SELECTOR = YES;
				GCC_WARN_UNINITIALIZED_AUTOS = YES_AGGRESSIVE;
				GCC_WARN_UNUSED_FUNCTION = YES;
				GCC_WARN_UNUSED_VARIABLE = YES;
				IPHONEOS_DEPLOYMENT_TARGET = 26.5;
				LOCALIZATION_PREFERS_STRING_CATALOGS = YES;
				MTL_ENABLE_DEBUG_INFO = INCLUDE_SOURCE;
				MTL_FAST_MATH = YES;
				ONLY_ACTIVE_ARCH = YES;
				SDKROOT = iphoneos;
				SWIFT_ACTIVE_COMPILATION_CONDITIONS = "DEBUG $(inherited)";
				SWIFT_OPTIMIZATION_LEVEL = "-Onone";
			};
			name = Debug;
		};
		D7B55BED3051760D00C286BB /* Release */ = {
			isa = XCBuildConfiguration;
			buildSettings = {
				ALWAYS_SEARCH_USER_PATHS = NO;
				ASSETCATALOG_COMPILER_GENERATE_SWIFT_ASSET_SYMBOL_EXTENSIONS = YES;
				CLANG_ANALYZER_NONNULL = YES;
				CLANG_ANALYZER_NUMBER_OBJECT_CONVERSION = YES_AGGRESSIVE;
				CLANG_CXX_LANGUAGE_STANDARD = "gnu++20";
				CLANG_ENABLE_MODULES = YES;
				CLANG_ENABLE_OBJC_ARC = YES;
				CLANG_ENABLE_OBJC_WEAK = YES;
				CLANG_WARN_BLOCK_CAPTURE_AUTORELEASING = YES;
				CLANG_WARN_BOOL_CONVERSION = YES;
				CLANG_WARN_COMMA = YES;
				CLANG_WARN_CONSTANT_CONVERSION = YES;
				CLANG_WARN_DEPRECATED_OBJC_IMPLEMENTATIONS = YES;
				CLANG_WARN_DIRECT_OBJC_ISA_USAGE = YES_ERROR;
				CLANG_WARN_DOCUMENTATION_COMMENTS = YES;
				CLANG_WARN_EMPTY_BODY = YES;
				CLANG_WARN_ENUM_CONVERSION = YES;
				CLANG_WARN_INFINITE_RECURSION = YES;
				CLANG_WARN_INT_CONVERSION = YES;
				CLANG_WARN_NON_LITERAL_NULL_CONVERSION = YES;
				CLANG_WARN_OBJC_IMPLICIT_RETAIN_SELF = YES;
				CLANG_WARN_OBJC_LITERAL_CONVERSION = YES;
				CLANG_WARN_OBJC_ROOT_CLASS = YES_ERROR;
				CLANG_WARN_QUOTED_INCLUDE_IN_FRAMEWORK_HEADER = YES;
				CLANG_WARN_RANGE_LOOP_ANALYSIS = YES;
				CLANG_WARN_STRICT_PROTOTYPES = YES;
				CLANG_WARN_SUSPICIOUS_MOVE = YES;
				CLANG_WARN_UNGUARDED_AVAILABILITY = YES_AGGRESSIVE;
				CLANG_WARN_UNREACHABLE_CODE = YES;
				CLANG_WARN__DUPLICATE_METHOD_MATCH = YES;
				COPY_PHASE_STRIP = NO;
				DEBUG_INFORMATION_FORMAT = "dwarf-with-dsym";
				DEVELOPMENT_TEAM = UGX74299AN;
				ENABLE_NS_ASSERTIONS = NO;
				ENABLE_STRICT_OBJC_MSGSEND = YES;
				ENABLE_USER_SCRIPT_SANDBOXING = YES;
				GCC_C_LANGUAGE_STANDARD = gnu17;
				GCC_NO_COMMON_BLOCKS = YES;
				GCC_WARN_64_TO_32_BIT_CONVERSION = YES;
				GCC_WARN_ABOUT_RETURN_TYPE = YES_ERROR;
				GCC_WARN_UNDECLARED_SELECTOR = YES;
				GCC_WARN_UNINITIALIZED_AUTOS = YES_AGGRESSIVE;
				GCC_WARN_UNUSED_FUNCTION = YES;
				GCC_WARN_UNUSED_VARIABLE = YES;
				IPHONEOS_DEPLOYMENT_TARGET = 26.5;
				LOCALIZATION_PREFERS_STRING_CATALOGS = YES;
				MTL_ENABLE_DEBUG_INFO = NO;
				MTL_FAST_MATH = YES;
				SDKROOT = iphoneos;
				SWIFT_COMPILATION_MODE = wholemodule;
				VALIDATE_PRODUCT = YES;
			};
			name = Release;
		};
		D7B55BEF3051760D00C286BB /* Debug */ = {
			isa = XCBuildConfiguration;
			buildSettings = {
				ASSETCATALOG_COMPILER_APPICON_NAME = AppIcon;
				ASSETCATALOG_COMPILER_GLOBAL_ACCENT_COLOR_NAME = AccentColor;
				CODE_SIGN_STYLE = Automatic;
				CURRENT_PROJECT_VERSION = 1;
				DEVELOPMENT_ASSET_PATHS = "";
				DEVELOPMENT_TEAM = UGX74299AN;
				ENABLE_PREVIEWS = YES;
				GENERATE_INFOPLIST_FILE = YES;
				INFOPLIST_KEY_UIApplicationSceneManifest_Generation = YES;
				INFOPLIST_KEY_UIApplicationSupportsIndirectInputEvents = YES;
				INFOPLIST_KEY_UILaunchScreen_Generation = YES;
				INFOPLIST_KEY_UISupportedInterfaceOrientations_iPad = "UIInterfaceOrientationPortrait UIInterfaceOrientationPortraitUpsideDown UIInterfaceOrientationLandscapeLeft UIInterfaceOrientationLandscapeRight";
				INFOPLIST_KEY_UISupportedInterfaceOrientations_iPhone = "UIInterfaceOrientationPortrait UIInterfaceOrientationLandscapeLeft UIInterfaceOrientationLandscapeRight";
				LD_RUNPATH_SEARCH_PATHS = (
					"$(inherited)",
					"@executable_path/Frameworks",
				);
				MARKETING_VERSION = 1.0;
				PRODUCT_BUNDLE_IDENTIFIER = com.ZsoltGabor.InstagramPlus;
				PRODUCT_NAME = "$(TARGET_NAME)";
				STRING_CATALOG_GENERATE_SYMBOLS = YES;
				SWIFT_APPROACHABLE_CONCURRENCY = YES;
				SWIFT_DEFAULT_ACTOR_ISOLATION = MainActor;
				SWIFT_EMIT_LOC_STRINGS = YES;
				SWIFT_UPCOMING_FEATURE_MEMBER_IMPORT_VISIBILITY = YES;
				SWIFT_VERSION = 5.0;
				TARGETED_DEVICE_FAMILY = "1,2";
			};
			name = Debug;
		};
		D7B55BF03051760D00C286BB /* Release */ = {
			isa = XCBuildConfiguration;
			buildSettings = {
				ASSETCATALOG_COMPILER_APPICON_NAME = AppIcon;
				ASSETCATALOG_COMPILER_GLOBAL_ACCENT_COLOR_NAME = AccentColor;
				CODE_SIGN_STYLE = Automatic;
				CURRENT_PROJECT_VERSION = 1;
				DEVELOPMENT_ASSET_PATHS = "";
				DEVELOPMENT_TEAM = UGX74299AN;
				ENABLE_PREVIEWS = YES;
				GENERATE_INFOPLIST_FILE = YES;
				INFOPLIST_KEY_UIApplicationSceneManifest_Generation = YES;
				INFOPLIST_KEY_UIApplicationSupportsIndirectInputEvents = YES;
				INFOPLIST_KEY_UILaunchScreen_Generation = YES;
				INFOPLIST_KEY_UISupportedInterfaceOrientations_iPad = "UIInterfaceOrientationPortrait UIInterfaceOrientationPortraitUpsideDown UIInterfaceOrientationLandscapeLeft UIInterfaceOrientationLandscapeRight";
				INFOPLIST_KEY_UISupportedInterfaceOrientations_iPhone = "UIInterfaceOrientationPortrait UIInterfaceOrientationLandscapeLeft UIInterfaceOrientationLandscapeRight";
				LD_RUNPATH_SEARCH_PATHS = (
					"$(inherited)",
					"@executable_path/Frameworks",
				);
				MARKETING_VERSION = 1.0;
				PRODUCT_BUNDLE_IDENTIFIER = com.ZsoltGabor.InstagramPlus;
				PRODUCT_NAME = "$(TARGET_NAME)";
				STRING_CATALOG_GENERATE_SYMBOLS = YES;
				SWIFT_APPROACHABLE_CONCURRENCY = YES;
				SWIFT_DEFAULT_ACTOR_ISOLATION = MainActor;
				SWIFT_EMIT_LOC_STRINGS = YES;
				SWIFT_UPCOMING_FEATURE_MEMBER_IMPORT_VISIBILITY = YES;
				SWIFT_VERSION = 5.0;
				TARGETED_DEVICE_FAMILY = "1,2";
			};
			name = Release;
		};
/* End XCBuildConfiguration section */

/* Begin XCConfigurationList section */
		D7B010C63073E90E003FE471 /* Build configuration list for PBXNativeTarget "InstagramPlusTests" */ = {
			isa = XCConfigurationList;
			buildConfigurations = (
				D7B010C73073E90E003FE471 /* Debug */,
				D7B010C83073E90E003FE471 /* Release */,
			);
			defaultConfigurationIsVisible = 0;
			defaultConfigurationName = Release;
		};
		D7B55BDE3051760C00C286BB /* Build configuration list for PBXProject "InstagramPlus" */ = {
			isa = XCConfigurationList;
			buildConfigurations = (
				D7B55BEC3051760D00C286BB /* Debug */,
				D7B55BED3051760D00C286BB /* Release */,
			);
			defaultConfigurationIsVisible = 0;
			defaultConfigurationName = Release;
		};
		D7B55BEE3051760D00C286BB /* Build configuration list for PBXNativeTarget "InstagramPlus" */ = {
			isa = XCConfigurationList;
			buildConfigurations = (
				D7B55BEF3051760D00C286BB /* Debug */,
				D7B55BF03051760D00C286BB /* Release */,
			);
			defaultConfigurationIsVisible = 0;
			defaultConfigurationName = Release;
		};
/* End XCConfigurationList section */

/* Begin XCRemoteSwiftPackageReference section */
		D78D12663066A91F00E9735B /* XCRemoteSwiftPackageReference "cloudinary_ios" */ = {
			isa = XCRemoteSwiftPackageReference;
			repositoryURL = "https://github.com/cloudinary/cloudinary_ios.git";
			requirement = {
				kind = upToNextMajorVersion;
				minimumVersion = 5.2.5;
			};
		};
		D78D126F3066C34A00E9735B /* XCRemoteSwiftPackageReference "Kingfisher" */ = {
			isa = XCRemoteSwiftPackageReference;
			repositoryURL = "https://github.com/onevcat/Kingfisher.git";
			requirement = {
				kind = upToNextMajorVersion;
				minimumVersion = 8.13.0;
			};
		};
		D7A85B263062EB8D00BB691F /* XCRemoteSwiftPackageReference "firebase-ios-sdk" */ = {
			isa = XCRemoteSwiftPackageReference;
			repositoryURL = "https://github.com/firebase/firebase-ios-sdk";
			requirement = {
				kind = upToNextMajorVersion;
				minimumVersion = 12.19.2;
			};
		};
/* End XCRemoteSwiftPackageReference section */

/* Begin XCSwiftPackageProductDependency section */
		D78D12673066A91F00E9735B /* Cloudinary */ = {
			isa = XCSwiftPackageProductDependency;
			package = D78D12663066A91F00E9735B /* XCRemoteSwiftPackageReference "cloudinary_ios" */;
			productName = Cloudinary;
		};
		D78D12703066C34A00E9735B /* Kingfisher */ = {
			isa = XCSwiftPackageProductDependency;
			package = D78D126F3066C34A00E9735B /* XCRemoteSwiftPackageReference "Kingfisher" */;
			productName = Kingfisher;
		};
		D7A85B273062EB8D00BB691F /* FirebaseAuth */ = {
			isa = XCSwiftPackageProductDependency;
			package = D7A85B263062EB8D00BB691F /* XCRemoteSwiftPackageReference "firebase-ios-sdk" */;
			productName = FirebaseAuth;
		};
		D7A85B293062EB8D00BB691F /* FirebaseFirestore */ = {
			isa = XCSwiftPackageProductDependency;
			package = D7A85B263062EB8D00BB691F /* XCRemoteSwiftPackageReference "firebase-ios-sdk" */;
			productName = FirebaseFirestore;
		};
		D7A85B2B3062EB8D00BB691F /* FirebaseStorage */ = {
			isa = XCSwiftPackageProductDependency;
			package = D7A85B263062EB8D00BB691F /* XCRemoteSwiftPackageReference "firebase-ios-sdk" */;
			productName = FirebaseStorage;
		};
/* End XCSwiftPackageProductDependency section */
	};
	rootObject = D7B55BDB3051760C00C286BB /* Project object */;
}
